
Microsoft Visual Studio Solution File, Format Version 12.00
# Visual Studio Version 16
VisualStudioVersion = 16.0.31702.278
MinimumVisualStudioVersion = 10.0.40219.1
Project("{FAE04EC0-301F-11D3-BF4B-00C04F79EFBC}") = "task6", "task6\task6.csproj", "{16C6C27B-9C4D-423A-A652-141F220AB210}"
EndProject
Global
	GlobalSection(SolutionConfigurationPlatforms) = preSolution
		Debug|Any CPU = Debug|Any CPU
		Release|Any CPU = Release|Any CPU
	EndGlobalSection
	GlobalSection(ProjectConfigurationPlatforms) = postSolution
		{16C6C27B-9C4D-423A-A652-141F220AB210}.Debug|Any CPU.ActiveCfg = Debug|Any CPU
		{16C6C27B-9C4D-423A-A652-141F220AB210}.Debug|Any CPU.Build.0 = Debug|Any CPU
		{16C6C27B-9C4D-423A-A652-141F220AB210}.Release|Any CPU.ActiveCfg = Release|Any CPU
		{16C6C27B-9C4D-423A-A652-141F220AB210}.Release|Any CPU.Build.0 = Release|Any CPU
	EndGlobalSection
	GlobalSection(SolutionProperties) = preSolution
		HideSolutionNode = FALSE
	EndGlobalSection
	GlobalSection(ExtensibilityGlobals) = postSolution
		SolutionGuid = {E2ACB7DE-2196-4EDB-9204-CEB4E64D882A}
	EndGlobalSection
EndGlobal
